
Microsoft Visual Studio Solution File, Format Version 12.00
# Visual Studio Version 16
VisualStudioVersion = 16.0.29230.47
MinimumVisualStudioVersion = 10.0.40219.1
Project("{FAE04EC0-301F-11D3-BF4B-00C04F79EFBC}") = "Yo_Yo_Bot", "Yo_Yo_Bot\Yo_Yo_Bot\Yo_Yo_Bot.csproj", "{8A715AEF-CE09-4D84-BC12-3C0F46FA0022}"
EndProject
Project("{FAE04EC0-301F-11D3-BF4B-00C04F79EFBC}") = "Yo_Yo_Bot.Tests", "Yo_Yo_Bot\Yo_Yo_Bot.Tests\Yo_Yo_Bot.Tests.csproj", "{BE149C12-6573-400C-92CD-91A9EC3D9F4A}"
EndProject
Global
	GlobalSection(SolutionConfigurationPlatforms) = preSolution
		Debug|Any CPU = Debug|Any CPU
		Release|Any CPU = Release|Any CPU
	EndGlobalSection
	GlobalSection(ProjectConfigurationPlatforms) = postSolution
		{8A715AEF-CE09-4D84-BC12-3C0F46FA0022}.Debug|Any CPU.ActiveCfg = Debug|Any CPU
		{8A715AEF-CE09-4D84-BC12-3C0F46FA0022}.Debug|Any CPU.Build.0 = Debug|Any CPU
		{8A715AEF-CE09-4D84-BC12-3C0F46FA0022}.Release|Any CPU.ActiveCfg = Release|Any CPU
		{8A715AEF-CE09-4D84-BC12-3C0F46FA0022}.Release|Any CPU.Build.0 = Release|Any CPU
		{BE149C12-6573-400C-92CD-91A9EC3D9F4A}.Debug|Any CPU.ActiveCfg = Debug|Any CPU
		{BE149C12-6573-400C-92CD-91A9EC3D9F4A}.Debug|Any CPU.Build.0 = Debug|Any CPU
		{BE149C12-6573-400C-92CD-91A9EC3D9F4A}.Release|Any CPU.ActiveCfg = Release|Any CPU
		{BE149C12-6573-400C-92CD-91A9EC3D9F4A}.Release|Any CPU.Build.0 = Release|Any CPU
	EndGlobalSection
	GlobalSection(SolutionProperties) = preSolution
		HideSolutionNode = FALSE
	EndGlobalSection
	GlobalSection(ExtensibilityGlobals) = postSolution
		SolutionGuid = {664FF31D-EBEF-443B-92E2-6E860DA0B52A}
	EndGlobalSection
EndGlobal
